<?xml version="1.0" encoding="utf-8"?>
<Project ToolsVersion="4.0" xmlns="http://schemas.microsoft.com/developer/msbuild/2003">
  <ItemGroup>
    <ClCompile Include="src\main.cpp" />
    <ClCompile Include="src\maingame.cpp" />
    <ClCompile Include="src\fireWeapon.cpp" />
  </ItemGroup>
  <ItemGroup>
    <ClInclude Include="src\maingame.h" />
    <ClInclude Include="src\fireWeapon.h" />
  </ItemGroup>
</Project>